
Microsoft Visual Studio Solution File, Format Version 12.00
# Visual Studio 2013
VisualStudioVersion = 12.0.30501.0
MinimumVisualStudioVersion = 10.0.40219.1
Project("{FAE04EC0-301F-11D3-BF4B-00C04F79EFBC}") = "Graphics", "Graphics\Graphics.csproj", "{25D7A15F-4EBC-48A7-98B5-8758AF45586E}"
EndProject
Project("{FAE04EC0-301F-11D3-BF4B-00C04F79EFBC}") = "Geometry", "Geometry\Geometry.csproj", "{E1F1B09F-56AD-4CA9-91B2-AC6F13BD057E}"
EndProject
Project("{FAE04EC0-301F-11D3-BF4B-00C04F79EFBC}") = "GeometryTest", "GeometryTest\GeometryTest.csproj", "{8D65B7A4-CE98-47F3-B795-8084AE6427F7}"
EndProject
Global
	GlobalSection(SolutionConfigurationPlatforms) = preSolution
		Debug|Any CPU = Debug|Any CPU
		Release|Any CPU = Release|Any CPU
	EndGlobalSection
	GlobalSection(ProjectConfigurationPlatforms) = postSolution
		{25D7A15F-4EBC-48A7-98B5-8758AF45586E}.Debug|Any CPU.ActiveCfg = Debug|Any CPU
		{25D7A15F-4EBC-48A7-98B5-8758AF45586E}.Debug|Any CPU.Build.0 = Debug|Any CPU
		{25D7A15F-4EBC-48A7-98B5-8758AF45586E}.Release|Any CPU.ActiveCfg = Release|Any CPU
		{25D7A15F-4EBC-48A7-98B5-8758AF45586E}.Release|Any CPU.Build.0 = Release|Any CPU
		{E1F1B09F-56AD-4CA9-91B2-AC6F13BD057E}.Debug|Any CPU.ActiveCfg = Debug|Any CPU
		{E1F1B09F-56AD-4CA9-91B2-AC6F13BD057E}.Debug|Any CPU.Build.0 = Debug|Any CPU
		{E1F1B09F-56AD-4CA9-91B2-AC6F13BD057E}.Release|Any CPU.ActiveCfg = Release|Any CPU
		{E1F1B09F-56AD-4CA9-91B2-AC6F13BD057E}.Release|Any CPU.Build.0 = Release|Any CPU
		{8D65B7A4-CE98-47F3-B795-8084AE6427F7}.Debug|Any CPU.ActiveCfg = Debug|Any CPU
		{8D65B7A4-CE98-47F3-B795-8084AE6427F7}.Debug|Any CPU.Build.0 = Debug|Any CPU
		{8D65B7A4-CE98-47F3-B795-8084AE6427F7}.Release|Any CPU.ActiveCfg = Release|Any CPU
		{8D65B7A4-CE98-47F3-B795-8084AE6427F7}.Release|Any CPU.Build.0 = Release|Any CPU
	EndGlobalSection
	GlobalSection(SolutionProperties) = preSolution
		HideSolutionNode = FALSE
	EndGlobalSection
EndGlobal
